
Microsoft Visual Studio Solution File, Format Version 12.00
# Visual Studio Version 17
VisualStudioVersion = 17.11.35222.181
MinimumVisualStudioVersion = 10.0.40219.1
Project("{9A19103F-16F7-4668-BE54-9A1E7A4F7556}") = "SWD392.Snappet.API", "SWD392.Snappet.API.csproj", "{CDB3A0BB-D586-485E-8B88-1E605C10855E}"
EndProject
Project("{9A19103F-16F7-4668-BE54-9A1E7A4F7556}") = "SWD392.Snappet.Repository", "..\SWD392.Snappet.Repository\SWD392.Snappet.Repository.csproj", "{AA0D33C6-3711-4B2F-8E7A-77D93C93FE3A}"
EndProject
Project("{9A19103F-16F7-4668-BE54-9A1E7A4F7556}") = "SWD392.Snappet.Service", "..\SWD392.Snappet.Service\SWD392.Snappet.Service.csproj", "{54D180FD-D808-4663-BA6D-E0E56B88CE31}"
EndProject
Global
	GlobalSection(SolutionConfigurationPlatforms) = preSolution
		Debug|Any CPU = Debug|Any CPU
		Release|Any CPU = Release|Any CPU
	EndGlobalSection
	GlobalSection(ProjectConfigurationPlatforms) = postSolution
		{CDB3A0BB-D586-485E-8B88-1E605C10855E}.Debug|Any CPU.ActiveCfg = Debug|Any CPU
		{CDB3A0BB-D586-485E-8B88-1E605C10855E}.Debug|Any CPU.Build.0 = Debug|Any CPU
		{CDB3A0BB-D586-485E-8B88-1E605C10855E}.Release|Any CPU.ActiveCfg = Release|Any CPU
		{CDB3A0BB-D586-485E-8B88-1E605C10855E}.Release|Any CPU.Build.0 = Release|Any CPU
		{AA0D33C6-3711-4B2F-8E7A-77D93C93FE3A}.Debug|Any CPU.ActiveCfg = Debug|Any CPU
		{AA0D33C6-3711-4B2F-8E7A-77D93C93FE3A}.Debug|Any CPU.Build.0 = Debug|Any CPU
		{AA0D33C6-3711-4B2F-8E7A-77D93C93FE3A}.Release|Any CPU.ActiveCfg = Release|Any CPU
		{AA0D33C6-3711-4B2F-8E7A-77D93C93FE3A}.Release|Any CPU.Build.0 = Release|Any CPU
		{54D180FD-D808-4663-BA6D-E0E56B88CE31}.Debug|Any CPU.ActiveCfg = Debug|Any CPU
		{54D180FD-D808-4663-BA6D-E0E56B88CE31}.Debug|Any CPU.Build.0 = Debug|Any CPU
		{54D180FD-D808-4663-BA6D-E0E56B88CE31}.Release|Any CPU.ActiveCfg = Release|Any CPU
		{54D180FD-D808-4663-BA6D-E0E56B88CE31}.Release|Any CPU.Build.0 = Release|Any CPU
	EndGlobalSection
	GlobalSection(SolutionProperties) = preSolution
		HideSolutionNode = FALSE
	EndGlobalSection
	GlobalSection(ExtensibilityGlobals) = postSolution
		SolutionGuid = {7051C718-E82D-42DE-88F6-F481C37DB857}
	EndGlobalSection
EndGlobal
